
Microsoft Visual Studio Solution File, Format Version 12.00
# Visual Studio Version 17
VisualStudioVersion = 17.0.31912.275
MinimumVisualStudioVersion = 10.0.40219.1
Project("{9A19103F-16F7-4668-BE54-9A1E7A4F7556}") = "DayOne", "DayOne\DayOne.csproj", "{29D172FA-43C7-4DEC-AB72-648BB7CEA06B}"
EndProject
Project("{9A19103F-16F7-4668-BE54-9A1E7A4F7556}") = "DayTwo", "DayTwo\DayTwo.csproj", "{C67865FE-105E-44F8-BBCE-08A5DB22C56D}"
EndProject
Project("{9A19103F-16F7-4668-BE54-9A1E7A4F7556}") = "DayThree", "DayThree\DayThree.csproj", "{53808BEF-1997-4BB7-A505-B42A2F29093B}"
EndProject
Project("{9A19103F-16F7-4668-BE54-9A1E7A4F7556}") = "DayFour", "DayFour\DayFour.csproj", "{D23961C8-04FD-4B13-98E1-45016E4D2EB0}"
EndProject
Project("{9A19103F-16F7-4668-BE54-9A1E7A4F7556}") = "DayFive", "DayFive\DayFive.csproj", "{A50E5393-A103-4BD5-AAAD-EC89C273CFF7}"
EndProject
Project("{FAE04EC0-301F-11D3-BF4B-00C04F79EFBC}") = "DaySix", "DaySix\DaySix.csproj", "{AD3548DB-76ED-48AD-AD60-A73886DA287F}"
EndProject
Global
	GlobalSection(SolutionConfigurationPlatforms) = preSolution
		Debug|Any CPU = Debug|Any CPU
		Release|Any CPU = Release|Any CPU
	EndGlobalSection
	GlobalSection(ProjectConfigurationPlatforms) = postSolution
		{29D172FA-43C7-4DEC-AB72-648BB7CEA06B}.Debug|Any CPU.ActiveCfg = Debug|Any CPU
		{29D172FA-43C7-4DEC-AB72-648BB7CEA06B}.Debug|Any CPU.Build.0 = Debug|Any CPU
		{29D172FA-43C7-4DEC-AB72-648BB7CEA06B}.Release|Any CPU.ActiveCfg = Release|Any CPU
		{29D172FA-43C7-4DEC-AB72-648BB7CEA06B}.Release|Any CPU.Build.0 = Release|Any CPU
		{C67865FE-105E-44F8-BBCE-08A5DB22C56D}.Debug|Any CPU.ActiveCfg = Debug|Any CPU
		{C67865FE-105E-44F8-BBCE-08A5DB22C56D}.Debug|Any CPU.Build.0 = Debug|Any CPU
		{C67865FE-105E-44F8-BBCE-08A5DB22C56D}.Release|Any CPU.ActiveCfg = Release|Any CPU
		{C67865FE-105E-44F8-BBCE-08A5DB22C56D}.Release|Any CPU.Build.0 = Release|Any CPU
		{53808BEF-1997-4BB7-A505-B42A2F29093B}.Debug|Any CPU.ActiveCfg = Debug|Any CPU
		{53808BEF-1997-4BB7-A505-B42A2F29093B}.Debug|Any CPU.Build.0 = Debug|Any CPU
		{53808BEF-1997-4BB7-A505-B42A2F29093B}.Release|Any CPU.ActiveCfg = Release|Any CPU
		{53808BEF-1997-4BB7-A505-B42A2F29093B}.Release|Any CPU.Build.0 = Release|Any CPU
		{D23961C8-04FD-4B13-98E1-45016E4D2EB0}.Debug|Any CPU.ActiveCfg = Debug|Any CPU
		{D23961C8-04FD-4B13-98E1-45016E4D2EB0}.Debug|Any CPU.Build.0 = Debug|Any CPU
		{D23961C8-04FD-4B13-98E1-45016E4D2EB0}.Release|Any CPU.ActiveCfg = Release|Any CPU
		{D23961C8-04FD-4B13-98E1-45016E4D2EB0}.Release|Any CPU.Build.0 = Release|Any CPU
		{A50E5393-A103-4BD5-AAAD-EC89C273CFF7}.Debug|Any CPU.ActiveCfg = Debug|Any CPU
		{A50E5393-A103-4BD5-AAAD-EC89C273CFF7}.Debug|Any CPU.Build.0 = Debug|Any CPU
		{A50E5393-A103-4BD5-AAAD-EC89C273CFF7}.Release|Any CPU.ActiveCfg = Release|Any CPU
		{A50E5393-A103-4BD5-AAAD-EC89C273CFF7}.Release|Any CPU.Build.0 = Release|Any CPU
		{AD3548DB-76ED-48AD-AD60-A73886DA287F}.Debug|Any CPU.ActiveCfg = Debug|Any CPU
		{AD3548DB-76ED-48AD-AD60-A73886DA287F}.Debug|Any CPU.Build.0 = Debug|Any CPU
		{AD3548DB-76ED-48AD-AD60-A73886DA287F}.Release|Any CPU.ActiveCfg = Release|Any CPU
		{AD3548DB-76ED-48AD-AD60-A73886DA287F}.Release|Any CPU.Build.0 = Release|Any CPU
	EndGlobalSection
	GlobalSection(SolutionProperties) = preSolution
		HideSolutionNode = FALSE
	EndGlobalSection
	GlobalSection(ExtensibilityGlobals) = postSolution
		SolutionGuid = {05E035BA-6E48-4CAE-A7D5-FB8452E5765E}
	EndGlobalSection
EndGlobal
